
Microsoft Visual Studio Solution File, Format Version 12.00
Project("{FAE04EC0-301F-11D3-BF4B-00C04F79EFBC}") = "shmtu-terminal-desktop", "shmtu-terminal-desktop\shmtu-terminal-desktop.csproj", "{16790489-E8E8-48D4-998B-C82215171B86}"
EndProject
Project("{2150E333-8FDC-42A3-9474-1A3956D46DE8}") = "Core", "Core", "{BECCAC10-2A2F-431C-B661-EBF36F13E9B3}"
EndProject
Project("{2150E333-8FDC-42A3-9474-1A3956D46DE8}") = "shmtu-dotnet-lib", "shmtu-dotnet-lib", "{057DC075-98E1-51C5-7CD6-76644669098C}"
EndProject
Project("{2150E333-8FDC-42A3-9474-1A3956D46DE8}") = "Ocr", "Ocr", "{65A0683D-EA3E-E874-71C5-F68B10749CCB}"
EndProject
Project("{FAE04EC0-301F-11D3-BF4B-00C04F79EFBC}") = "shmtu-ocr-onnx-lib", "shmtu-dotnet-lib\ocr\shmtu-ocr-onnx-lib\shmtu-ocr-onnx-lib.csproj", "{E5A27E79-1E5E-4B57-9D19-1745AC8DB341}"
EndProject
Project("{FAE04EC0-301F-11D3-BF4B-00C04F79EFBC}") = "shmtu-ocr-onnx-tests", "shmtu-dotnet-lib\ocr\shmtu-ocr-onnx-tests\shmtu-ocr-onnx-tests.csproj", "{E100923C-9923-4394-8004-45A94386354A}"
EndProject
Project("{FAE04EC0-301F-11D3-BF4B-00C04F79EFBC}") = "shmtu-dotnet-lib", "shmtu-dotnet-lib\Core\shmtu-dotnet-lib\shmtu-dotnet-lib.csproj", "{090B1565-F8E0-421D-94D8-7A16E99C6D56}"
EndProject
Project("{FAE04EC0-301F-11D3-BF4B-00C04F79EFBC}") = "shmtu-dotnet-demo", "shmtu-dotnet-lib\Core\shmtu-dotnet-demo\shmtu-dotnet-demo.csproj", "{D1A684C7-DF96-49E2-94C4-A860AAF03D9C}"
EndProject
Project("{FAE04EC0-301F-11D3-BF4B-00C04F79EFBC}") = "shmtu-ocr-onnx-demo", "shmtu-dotnet-lib\ocr\shmtu-ocr-onnx-demo\shmtu-ocr-onnx-demo.csproj", "{945CDE8A-CE39-478B-A199-F86FB10940C0}"
EndProject
Project("{FAE04EC0-301F-11D3-BF4B-00C04F79EFBC}") = "shmtu-ocr-onnx-demo-gui", "shmtu-dotnet-lib\ocr\shmtu-ocr-onnx-demo-gui\shmtu-ocr-onnx-demo-gui.csproj", "{B557B881-76BE-4FF6-BABF-21F809937B36}"
EndProject
Global
	GlobalSection(SolutionConfigurationPlatforms) = preSolution
		Debug|Any CPU = Debug|Any CPU
		Debug|x64 = Debug|x64
		Debug|x86 = Debug|x86
		Release|Any CPU = Release|Any CPU
		Release|x64 = Release|x64
		Release|x86 = Release|x86
	EndGlobalSection
	GlobalSection(ProjectConfigurationPlatforms) = postSolution
		{16790489-E8E8-48D4-998B-C82215171B86}.Debug|Any CPU.ActiveCfg = Debug|Any CPU
		{16790489-E8E8-48D4-998B-C82215171B86}.Debug|Any CPU.Build.0 = Debug|Any CPU
		{16790489-E8E8-48D4-998B-C82215171B86}.Debug|x64.ActiveCfg = Debug|Any CPU
		{16790489-E8E8-48D4-998B-C82215171B86}.Debug|x64.Build.0 = Debug|Any CPU
		{16790489-E8E8-48D4-998B-C82215171B86}.Debug|x86.ActiveCfg = Debug|Any CPU
		{16790489-E8E8-48D4-998B-C82215171B86}.Debug|x86.Build.0 = Debug|Any CPU
		{16790489-E8E8-48D4-998B-C82215171B86}.Release|Any CPU.ActiveCfg = Release|Any CPU
		{16790489-E8E8-48D4-998B-C82215171B86}.Release|Any CPU.Build.0 = Release|Any CPU
		{16790489-E8E8-48D4-998B-C82215171B86}.Release|x64.ActiveCfg = Release|Any CPU
		{16790489-E8E8-48D4-998B-C82215171B86}.Release|x64.Build.0 = Release|Any CPU
		{16790489-E8E8-48D4-998B-C82215171B86}.Release|x86.ActiveCfg = Release|Any CPU
		{16790489-E8E8-48D4-998B-C82215171B86}.Release|x86.Build.0 = Release|Any CPU
		{E5A27E79-1E5E-4B57-9D19-1745AC8DB341}.Debug|Any CPU.ActiveCfg = Debug|Any CPU
		{E5A27E79-1E5E-4B57-9D19-1745AC8DB341}.Debug|Any CPU.Build.0 = Debug|Any CPU
		{E5A27E79-1E5E-4B57-9D19-1745AC8DB341}.Debug|x64.ActiveCfg = Debug|Any CPU
		{E5A27E79-1E5E-4B57-9D19-1745AC8DB341}.Debug|x64.Build.0 = Debug|Any CPU
		{E5A27E79-1E5E-4B57-9D19-1745AC8DB341}.Debug|x86.ActiveCfg = Debug|Any CPU
		{E5A27E79-1E5E-4B57-9D19-1745AC8DB341}.Debug|x86.Build.0 = Debug|Any CPU
		{E5A27E79-1E5E-4B57-9D19-1745AC8DB341}.Release|Any CPU.ActiveCfg = Release|Any CPU
		{E5A27E79-1E5E-4B57-9D19-1745AC8DB341}.Release|Any CPU.Build.0 = Release|Any CPU
		{E5A27E79-1E5E-4B57-9D19-1745AC8DB341}.Release|x64.ActiveCfg = Release|Any CPU
		{E5A27E79-1E5E-4B57-9D19-1745AC8DB341}.Release|x64.Build.0 = Release|Any CPU
		{E5A27E79-1E5E-4B57-9D19-1745AC8DB341}.Release|x86.ActiveCfg = Release|Any CPU
		{E5A27E79-1E5E-4B57-9D19-1745AC8DB341}.Release|x86.Build.0 = Release|Any CPU
		{E100923C-9923-4394-8004-45A94386354A}.Debug|Any CPU.ActiveCfg = Debug|Any CPU
		{E100923C-9923-4394-8004-45A94386354A}.Debug|Any CPU.Build.0 = Debug|Any CPU
		{E100923C-9923-4394-8004-45A94386354A}.Debug|x64.ActiveCfg = Debug|Any CPU
		{E100923C-9923-4394-8004-45A94386354A}.Debug|x64.Build.0 = Debug|Any CPU
		{E100923C-9923-4394-8004-45A94386354A}.Debug|x86.ActiveCfg = Debug|Any CPU
		{E100923C-9923-4394-8004-45A94386354A}.Debug|x86.Build.0 = Debug|Any CPU
		{E100923C-9923-4394-8004-45A94386354A}.Release|Any CPU.ActiveCfg = Release|Any CPU
		{E100923C-9923-4394-8004-45A94386354A}.Release|Any CPU.Build.0 = Release|Any CPU
		{E100923C-9923-4394-8004-45A94386354A}.Release|x64.ActiveCfg = Release|Any CPU
		{E100923C-9923-4394-8004-45A94386354A}.Release|x64.Build.0 = Release|Any CPU
		{E100923C-9923-4394-8004-45A94386354A}.Release|x86.ActiveCfg = Release|Any CPU
		{E100923C-9923-4394-8004-45A94386354A}.Release|x86.Build.0 = Release|Any CPU
		{090B1565-F8E0-421D-94D8-7A16E99C6D56}.Debug|Any CPU.ActiveCfg = Debug|Any CPU
		{090B1565-F8E0-421D-94D8-7A16E99C6D56}.Debug|Any CPU.Build.0 = Debug|Any CPU
		{090B1565-F8E0-421D-94D8-7A16E99C6D56}.Debug|x64.ActiveCfg = Debug|Any CPU
		{090B1565-F8E0-421D-94D8-7A16E99C6D56}.Debug|x64.Build.0 = Debug|Any CPU
		{090B1565-F8E0-421D-94D8-7A16E99C6D56}.Debug|x86.ActiveCfg = Debug|Any CPU
		{090B1565-F8E0-421D-94D8-7A16E99C6D56}.Debug|x86.Build.0 = Debug|Any CPU
		{090B1565-F8E0-421D-94D8-7A16E99C6D56}.Release|Any CPU.ActiveCfg = Release|Any CPU
		{090B1565-F8E0-421D-94D8-7A16E99C6D56}.Release|Any CPU.Build.0 = Release|Any CPU
		{090B1565-F8E0-421D-94D8-7A16E99C6D56}.Release|x64.ActiveCfg = Release|Any CPU
		{090B1565-F8E0-421D-94D8-7A16E99C6D56}.Release|x64.Build.0 = Release|Any CPU
		{090B1565-F8E0-421D-94D8-7A16E99C6D56}.Release|x86.ActiveCfg = Release|Any CPU
		{090B1565-F8E0-421D-94D8-7A16E99C6D56}.Release|x86.Build.0 = Release|Any CPU
		{D1A684C7-DF96-49E2-94C4-A860AAF03D9C}.Debug|Any CPU.ActiveCfg = Debug|Any CPU
		{D1A684C7-DF96-49E2-94C4-A860AAF03D9C}.Debug|Any CPU.Build.0 = Debug|Any CPU
		{D1A684C7-DF96-49E2-94C4-A860AAF03D9C}.Debug|x64.ActiveCfg = Debug|Any CPU
		{D1A684C7-DF96-49E2-94C4-A860AAF03D9C}.Debug|x64.Build.0 = Debug|Any CPU
		{D1A684C7-DF96-49E2-94C4-A860AAF03D9C}.Debug|x86.ActiveCfg = Debug|Any CPU
		{D1A684C7-DF96-49E2-94C4-A860AAF03D9C}.Debug|x86.Build.0 = Debug|Any CPU
		{D1A684C7-DF96-49E2-94C4-A860AAF03D9C}.Release|Any CPU.ActiveCfg = Release|Any CPU
		{D1A684C7-DF96-49E2-94C4-A860AAF03D9C}.Release|Any CPU.Build.0 = Release|Any CPU
		{D1A684C7-DF96-49E2-94C4-A860AAF03D9C}.Release|x64.ActiveCfg = Release|Any CPU
		{D1A684C7-DF96-49E2-94C4-A860AAF03D9C}.Release|x64.Build.0 = Release|Any CPU
		{D1A684C7-DF96-49E2-94C4-A860AAF03D9C}.Release|x86.ActiveCfg = Release|Any CPU
		{D1A684C7-DF96-49E2-94C4-A860AAF03D9C}.Release|x86.Build.0 = Release|Any CPU
		{945CDE8A-CE39-478B-A199-F86FB10940C0}.Debug|Any CPU.ActiveCfg = Debug|Any CPU
		{945CDE8A-CE39-478B-A199-F86FB10940C0}.Debug|Any CPU.Build.0 = Debug|Any CPU
		{945CDE8A-CE39-478B-A199-F86FB10940C0}.Debug|x64.ActiveCfg = Debug|Any CPU
		{945CDE8A-CE39-478B-A199-F86FB10940C0}.Debug|x64.Build.0 = Debug|Any CPU
		{945CDE8A-CE39-478B-A199-F86FB10940C0}.Debug|x86.ActiveCfg = Debug|Any CPU
		{945CDE8A-CE39-478B-A199-F86FB10940C0}.Debug|x86.Build.0 = Debug|Any CPU
		{945CDE8A-CE39-478B-A199-F86FB10940C0}.Release|Any CPU.ActiveCfg = Release|Any CPU
		{945CDE8A-CE39-478B-A199-F86FB10940C0}.Release|Any CPU.Build.0 = Release|Any CPU
		{945CDE8A-CE39-478B-A199-F86FB10940C0}.Release|x64.ActiveCfg = Release|Any CPU
		{945CDE8A-CE39-478B-A199-F86FB10940C0}.Release|x64.Build.0 = Release|Any CPU
		{945CDE8A-CE39-478B-A199-F86FB10940C0}.Release|x86.ActiveCfg = Release|Any CPU
		{945CDE8A-CE39-478B-A199-F86FB10940C0}.Release|x86.Build.0 = Release|Any CPU
		{B557B881-76BE-4FF6-BABF-21F809937B36}.Debug|Any CPU.ActiveCfg = Debug|Any CPU
		{B557B881-76BE-4FF6-BABF-21F809937B36}.Debug|Any CPU.Build.0 = Debug|Any CPU
		{B557B881-76BE-4FF6-BABF-21F809937B36}.Debug|x64.ActiveCfg = Debug|Any CPU
		{B557B881-76BE-4FF6-BABF-21F809937B36}.Debug|x64.Build.0 = Debug|Any CPU
		{B557B881-76BE-4FF6-BABF-21F809937B36}.Debug|x86.ActiveCfg = Debug|Any CPU
		{B557B881-76BE-4FF6-BABF-21F809937B36}.Debug|x86.Build.0 = Debug|Any CPU
		{B557B881-76BE-4FF6-BABF-21F809937B36}.Release|Any CPU.ActiveCfg = Release|Any CPU
		{B557B881-76BE-4FF6-BABF-21F809937B36}.Release|Any CPU.Build.0 = Release|Any CPU
		{B557B881-76BE-4FF6-BABF-21F809937B36}.Release|x64.ActiveCfg = Release|Any CPU
		{B557B881-76BE-4FF6-BABF-21F809937B36}.Release|x64.Build.0 = Release|Any CPU
		{B557B881-76BE-4FF6-BABF-21F809937B36}.Release|x86.ActiveCfg = Release|Any CPU
		{B557B881-76BE-4FF6-BABF-21F809937B36}.Release|x86.Build.0 = Release|Any CPU
	EndGlobalSection
	GlobalSection(SolutionProperties) = preSolution
		HideSolutionNode = FALSE
	EndGlobalSection
	GlobalSection(NestedProjects) = preSolution
		{BECCAC10-2A2F-431C-B661-EBF36F13E9B3} = {057DC075-98E1-51C5-7CD6-76644669098C}
		{65A0683D-EA3E-E874-71C5-F68B10749CCB} = {057DC075-98E1-51C5-7CD6-76644669098C}
		{E5A27E79-1E5E-4B57-9D19-1745AC8DB341} = {65A0683D-EA3E-E874-71C5-F68B10749CCB}
		{E100923C-9923-4394-8004-45A94386354A} = {65A0683D-EA3E-E874-71C5-F68B10749CCB}
		{090B1565-F8E0-421D-94D8-7A16E99C6D56} = {BECCAC10-2A2F-431C-B661-EBF36F13E9B3}
		{D1A684C7-DF96-49E2-94C4-A860AAF03D9C} = {BECCAC10-2A2F-431C-B661-EBF36F13E9B3}
		{945CDE8A-CE39-478B-A199-F86FB10940C0} = {65A0683D-EA3E-E874-71C5-F68B10749CCB}
		{B557B881-76BE-4FF6-BABF-21F809937B36} = {65A0683D-EA3E-E874-71C5-F68B10749CCB}
	EndGlobalSection
EndGlobal
